{
  "name": "hucreProject",
  "lockfileVersion": 3,
  "requires": true,
  "packages": {
    "": {
      "dependencies": {
        "hucre": "^1.0.0"
      }
    },
    "node_modules/hucre": {
      "version": "1.0.0",
      "resolved": "https://registry.npmjs.org/hucre/-/hucre-1.0.0.tgz",
      "integrity": "sha512-+K5H8z3P8/oAxPpHgvzWbTcsae2X+XoeXk9YqxAvYsuuIoXMK8PMAxmsbeRb3MuHA4fgJlBBCY/G016eQkNokA==",
      "license": "MIT",
      "bin": {
        "hucre": "dist/cli.mjs"
      },
      "funding": {
        "url": "https://github.com/sponsors/productdevbook"
      }
    }
  }
}
